
Microsoft Visual Studio Solution File, Format Version 12.00
# Visual Studio Version 16
VisualStudioVersion = 16.0.29411.108
MinimumVisualStudioVersion = 10.0.40219.1
Project("{FAE04EC0-301F-11D3-BF4B-00C04F79EFBC}") = "Proyecto Notas", "Proyecto Notas\Proyecto Notas.csproj", "{479761C7-38F1-41A4-AC41-EC4FD6E0AF94}"
EndProject
Global
	GlobalSection(SolutionConfigurationPlatforms) = preSolution
		Debug|Any CPU = Debug|Any CPU
		Release|Any CPU = Release|Any CPU
	EndGlobalSection
	GlobalSection(ProjectConfigurationPlatforms) = postSolution
		{479761C7-38F1-41A4-AC41-EC4FD6E0AF94}.Debug|Any CPU.ActiveCfg = Debug|Any CPU
		{479761C7-38F1-41A4-AC41-EC4FD6E0AF94}.Debug|Any CPU.Build.0 = Debug|Any CPU
		{479761C7-38F1-41A4-AC41-EC4FD6E0AF94}.Release|Any CPU.ActiveCfg = Release|Any CPU
		{479761C7-38F1-41A4-AC41-EC4FD6E0AF94}.Release|Any CPU.Build.0 = Release|Any CPU
	EndGlobalSection
	GlobalSection(SolutionProperties) = preSolution
		HideSolutionNode = FALSE
	EndGlobalSection
	GlobalSection(ExtensibilityGlobals) = postSolution
		SolutionGuid = {2A096B8A-8F3F-4A50-A61E-10B9D67F1A2F}
	EndGlobalSection
EndGlobal
